
Microsoft Visual Studio Solution File, Format Version 12.00
# Visual Studio 15
Project("{FAE04EC0-301F-11D3-BF4B-00C04F79EFBC}") = "Assembly-CSharp", "Assembly-CSharp.csproj", "{4D282716-AF75-9A2D-BCB6-CBC976D343DA}"
EndProject
Project("{FAE04EC0-301F-11D3-BF4B-00C04F79EFBC}") = "Assembly-CSharp-Editor", "Assembly-CSharp-Editor.csproj", "{1003CA2B-51F6-0722-522A-0757817E093E}"
EndProject
Global
	GlobalSection(SolutionConfigurationPlatforms) = preSolution
		Debug|Any CPU = Debug|Any CPU
		Release|Any CPU = Release|Any CPU
	EndGlobalSection
	GlobalSection(ProjectConfigurationPlatforms) = postSolution
		{4D282716-AF75-9A2D-BCB6-CBC976D343DA}.Debug|Any CPU.ActiveCfg = Debug|Any CPU
		{4D282716-AF75-9A2D-BCB6-CBC976D343DA}.Debug|Any CPU.Build.0 = Debug|Any CPU
		{4D282716-AF75-9A2D-BCB6-CBC976D343DA}.Release|Any CPU.ActiveCfg = Release|Any CPU
		{4D282716-AF75-9A2D-BCB6-CBC976D343DA}.Release|Any CPU.Build.0 = Release|Any CPU
		{1003CA2B-51F6-0722-522A-0757817E093E}.Debug|Any CPU.ActiveCfg = Debug|Any CPU
		{1003CA2B-51F6-0722-522A-0757817E093E}.Debug|Any CPU.Build.0 = Debug|Any CPU
		{1003CA2B-51F6-0722-522A-0757817E093E}.Release|Any CPU.ActiveCfg = Release|Any CPU
		{1003CA2B-51F6-0722-522A-0757817E093E}.Release|Any CPU.Build.0 = Release|Any CPU
	EndGlobalSection
	GlobalSection(SolutionProperties) = preSolution
		HideSolutionNode = FALSE
	EndGlobalSection
EndGlobal
